# This file was autogenerated by Stack.
# You should not edit this file by hand.
# For more information, please see the documentation at:
#   https://docs.haskellstack.org/en/stable/topics/lock_files

packages:
- completed:
    hackage: nlopt-haskell-0.1.3.0@sha256:12f18996ab8933a94b5e9b94b30cb3a4c3a845b32c9173a13407c8cd605c04ec,1592
    pantry-tree:
      sha256: f76e44273f47583343deb7e6c70db3e143e583abfdb47aa90fa6f8bd3635dfdc
      size: 350
  original:
    hackage: nlopt-haskell-0.1.3.0
- completed:
    commit: 14ea65fdd93f08ec932456b63be641eb65edd004
    git: https://github.com/michaeldickens/hmatrix-nlopt
    name: hmatrix-nlopt
    pantry-tree:
      sha256: 0303ebd81d047b57e6701b893629e3d5dc0dfff04a40b107b33070ef6e4d65a8
      size: 471
    version: 0.2.0.0
  original:
    commit: 14ea65fdd93f08ec932456b63be641eb65edd004
    git: https://github.com/michaeldickens/hmatrix-nlopt
snapshots:
- completed:
    sha256: 72cdd5851794184138551f43f0897c28f1a5acdda303b266aa9e910461103b3c
    size: 726784
    url: https://raw.githubusercontent.com/commercialhaskell/stackage-snapshots/master/lts/24/28.yaml
  original:
    url: https://raw.githubusercontent.com/commercialhaskell/stackage-snapshots/master/lts/24/28.yaml
